
Microsoft Visual Studio Solution File, Format Version 11.00
# Visual Studio 2010
Project("{6989167D-11E4-40FE-8C1A-2192A86A7E90}") = "boiler", "boiler.vfproj", "{69E8D2B1-CC51-467C-ADC1-D347B51967B7}"
EndProject
Global
	GlobalSection(SolutionConfigurationPlatforms) = preSolution
		Debug|Win32 = Debug|Win32
		Release|Win32 = Release|Win32
	EndGlobalSection
	GlobalSection(ProjectConfigurationPlatforms) = postSolution
		{69E8D2B1-CC51-467C-ADC1-D347B51967B7}.Debug|Win32.ActiveCfg = Debug|Win32
		{69E8D2B1-CC51-467C-ADC1-D347B51967B7}.Debug|Win32.Build.0 = Debug|Win32
		{69E8D2B1-CC51-467C-ADC1-D347B51967B7}.Release|Win32.ActiveCfg = Release|Win32
		{69E8D2B1-CC51-467C-ADC1-D347B51967B7}.Release|Win32.Build.0 = Release|Win32
	EndGlobalSection
	GlobalSection(SolutionProperties) = preSolution
		HideSolutionNode = FALSE
	EndGlobalSection
EndGlobal
